
Microsoft Visual Studio Solution File, Format Version 12.00
# Visual Studio Version 17
VisualStudioVersion = 17.1.32407.343
MinimumVisualStudioVersion = 10.0.40219.1
Project("{FAE04EC0-301F-11D3-BF4B-00C04F79EFBC}") = "TotalCommAutomation", "TotalCommAutomation\TotalCommAutomation.csproj", "{2DCE15E9-7AA1-4AD6-8388-BA92723ED7D1}"
EndProject
Project("{FAE04EC0-301F-11D3-BF4B-00C04F79EFBC}") = "TotalCommSpecflow.spex", "TotalCommSpecflow.spex\TotalCommSpecflow.spex.csproj", "{DFCCEA1D-FF9A-4AE6-84D6-5E4F6A8D91A3}"
EndProject
Global
	GlobalSection(SolutionConfigurationPlatforms) = preSolution
		Debug|Any CPU = Debug|Any CPU
		Release|Any CPU = Release|Any CPU
	EndGlobalSection
	GlobalSection(ProjectConfigurationPlatforms) = postSolution
		{2DCE15E9-7AA1-4AD6-8388-BA92723ED7D1}.Debug|Any CPU.ActiveCfg = Debug|Any CPU
		{2DCE15E9-7AA1-4AD6-8388-BA92723ED7D1}.Debug|Any CPU.Build.0 = Debug|Any CPU
		{2DCE15E9-7AA1-4AD6-8388-BA92723ED7D1}.Release|Any CPU.ActiveCfg = Release|Any CPU
		{2DCE15E9-7AA1-4AD6-8388-BA92723ED7D1}.Release|Any CPU.Build.0 = Release|Any CPU
		{DFCCEA1D-FF9A-4AE6-84D6-5E4F6A8D91A3}.Debug|Any CPU.ActiveCfg = Debug|Any CPU
		{DFCCEA1D-FF9A-4AE6-84D6-5E4F6A8D91A3}.Debug|Any CPU.Build.0 = Debug|Any CPU
		{DFCCEA1D-FF9A-4AE6-84D6-5E4F6A8D91A3}.Release|Any CPU.ActiveCfg = Release|Any CPU
		{DFCCEA1D-FF9A-4AE6-84D6-5E4F6A8D91A3}.Release|Any CPU.Build.0 = Release|Any CPU
	EndGlobalSection
	GlobalSection(SolutionProperties) = preSolution
		HideSolutionNode = FALSE
	EndGlobalSection
	GlobalSection(ExtensibilityGlobals) = postSolution
		SolutionGuid = {27C76EE0-552C-4240-BD50-C8E89B2933E6}
	EndGlobalSection
EndGlobal
